
Microsoft Visual Studio Solution File, Format Version 12.00
# Visual Studio Version 17
VisualStudioVersion = 17.6.33723.286
MinimumVisualStudioVersion = 10.0.40219.1
Project("{FAE04EC0-301F-11D3-BF4B-00C04F79EFBC}") = "WordGenius.Desktop", "WordGenius.Desktop\WordGenius.Desktop.csproj", "{8A18D41B-3F27-4048-AD5C-AEE208FD1F16}"
EndProject
Global
	GlobalSection(SolutionConfigurationPlatforms) = preSolution
		Debug|Any CPU = Debug|Any CPU
		Release|Any CPU = Release|Any CPU
	EndGlobalSection
	GlobalSection(ProjectConfigurationPlatforms) = postSolution
		{8A18D41B-3F27-4048-AD5C-AEE208FD1F16}.Debug|Any CPU.ActiveCfg = Debug|Any CPU
		{8A18D41B-3F27-4048-AD5C-AEE208FD1F16}.Debug|Any CPU.Build.0 = Debug|Any CPU
		{8A18D41B-3F27-4048-AD5C-AEE208FD1F16}.Release|Any CPU.ActiveCfg = Release|Any CPU
		{8A18D41B-3F27-4048-AD5C-AEE208FD1F16}.Release|Any CPU.Build.0 = Release|Any CPU
	EndGlobalSection
	GlobalSection(SolutionProperties) = preSolution
		HideSolutionNode = FALSE
	EndGlobalSection
	GlobalSection(ExtensibilityGlobals) = postSolution
		SolutionGuid = {48D12694-D418-49EC-B111-58FBA82B13CC}
	EndGlobalSection
EndGlobal
